
Microsoft Visual Studio Solution File, Format Version 12.00
# Visual Studio 14
VisualStudioVersion = 14.0.23107.0
MinimumVisualStudioVersion = 10.0.40219.1
Project("{FAE04EC0-301F-11D3-BF4B-00C04F79EFBC}") = "EntityFramework", "EntityFramework\EntityFramework.csproj", "{306D8BFD-BFB9-41FB-8896-00865CC6BDCC}"
EndProject
Project("{FAE04EC0-301F-11D3-BF4B-00C04F79EFBC}") = "EntityFramework.data", "EntityFramework.data\EntityFramework.data.csproj", "{AFE0A65D-C580-4877-B20A-6AC013E87143}"
EndProject
Project("{FAE04EC0-301F-11D3-BF4B-00C04F79EFBC}") = "EntityFrameworkWeb", "EntityFrameworkWeb\EntityFrameworkWeb.csproj", "{9C17AB0B-14AD-4C3C-87DF-7B17F9A0867D}"
EndProject
Global
	GlobalSection(SolutionConfigurationPlatforms) = preSolution
		Debug|Any CPU = Debug|Any CPU
		Release|Any CPU = Release|Any CPU
	EndGlobalSection
	GlobalSection(ProjectConfigurationPlatforms) = postSolution
		{306D8BFD-BFB9-41FB-8896-00865CC6BDCC}.Debug|Any CPU.ActiveCfg = Debug|Any CPU
		{306D8BFD-BFB9-41FB-8896-00865CC6BDCC}.Debug|Any CPU.Build.0 = Debug|Any CPU
		{306D8BFD-BFB9-41FB-8896-00865CC6BDCC}.Release|Any CPU.ActiveCfg = Release|Any CPU
		{306D8BFD-BFB9-41FB-8896-00865CC6BDCC}.Release|Any CPU.Build.0 = Release|Any CPU
		{AFE0A65D-C580-4877-B20A-6AC013E87143}.Debug|Any CPU.ActiveCfg = Debug|Any CPU
		{AFE0A65D-C580-4877-B20A-6AC013E87143}.Debug|Any CPU.Build.0 = Debug|Any CPU
		{AFE0A65D-C580-4877-B20A-6AC013E87143}.Release|Any CPU.ActiveCfg = Release|Any CPU
		{AFE0A65D-C580-4877-B20A-6AC013E87143}.Release|Any CPU.Build.0 = Release|Any CPU
		{9C17AB0B-14AD-4C3C-87DF-7B17F9A0867D}.Debug|Any CPU.ActiveCfg = Debug|Any CPU
		{9C17AB0B-14AD-4C3C-87DF-7B17F9A0867D}.Debug|Any CPU.Build.0 = Debug|Any CPU
		{9C17AB0B-14AD-4C3C-87DF-7B17F9A0867D}.Release|Any CPU.ActiveCfg = Release|Any CPU
		{9C17AB0B-14AD-4C3C-87DF-7B17F9A0867D}.Release|Any CPU.Build.0 = Release|Any CPU
	EndGlobalSection
	GlobalSection(SolutionProperties) = preSolution
		HideSolutionNode = FALSE
	EndGlobalSection
EndGlobal
